
Microsoft Visual Studio Solution File, Format Version 12.00
Project("{F2A71F9B-5D33-465A-A702-920D77279786}") = "TwoDEngine3", "TwoDEngine3\TwoDEngine3.fsproj", "{8FE15F01-3F8C-42FC-9EF1-A99AB3C64C9E}"
EndProject
Project("{F2A71F9B-5D33-465A-A702-920D77279786}") = "TDE3ManagerInterfaces", "TDE3ManagerInterfaces\TDE3ManagerInterfaces.fsproj", "{BFC068FF-29D0-4581-B802-5AFBB481D5DA}"
EndProject
Project("{F2A71F9B-5D33-465A-A702-920D77279786}") = "MonoGameDesktopMultiManager", "MonoGameDesktopMultiManager\MonoGameDesktopMultiManager.fsproj", "{963E122D-93B3-44C6-AF28-146C1E6E238F}"
EndProject
Project("{F2A71F9B-5D33-465A-A702-920D77279786}") = "AngelCodeTextRenderer", "AngelCodeTextRenderer\AngelCodeTextRenderer.fsproj", "{B1B38F7E-871B-4BA1-8B2F-B7C20C442063}"
EndProject
Project("{F2A71F9B-5D33-465A-A702-920D77279786}") = "HIDInputManager", "HIDInputManager\HIDInputManager.fsproj", "{C43C9D68-DD71-4CAF-A75C-FB52AFB67A63}"
EndProject
Global
	GlobalSection(SolutionConfigurationPlatforms) = preSolution
		Debug|Any CPU = Debug|Any CPU
		Release|Any CPU = Release|Any CPU
	EndGlobalSection
	GlobalSection(ProjectConfigurationPlatforms) = postSolution
		{8FE15F01-3F8C-42FC-9EF1-A99AB3C64C9E}.Debug|Any CPU.ActiveCfg = Debug|Any CPU
		{8FE15F01-3F8C-42FC-9EF1-A99AB3C64C9E}.Debug|Any CPU.Build.0 = Debug|Any CPU
		{8FE15F01-3F8C-42FC-9EF1-A99AB3C64C9E}.Release|Any CPU.ActiveCfg = Release|Any CPU
		{8FE15F01-3F8C-42FC-9EF1-A99AB3C64C9E}.Release|Any CPU.Build.0 = Release|Any CPU
		{BFC068FF-29D0-4581-B802-5AFBB481D5DA}.Debug|Any CPU.ActiveCfg = Debug|Any CPU
		{BFC068FF-29D0-4581-B802-5AFBB481D5DA}.Debug|Any CPU.Build.0 = Debug|Any CPU
		{BFC068FF-29D0-4581-B802-5AFBB481D5DA}.Release|Any CPU.ActiveCfg = Release|Any CPU
		{BFC068FF-29D0-4581-B802-5AFBB481D5DA}.Release|Any CPU.Build.0 = Release|Any CPU
		{963E122D-93B3-44C6-AF28-146C1E6E238F}.Debug|Any CPU.ActiveCfg = Debug|Any CPU
		{963E122D-93B3-44C6-AF28-146C1E6E238F}.Debug|Any CPU.Build.0 = Debug|Any CPU
		{963E122D-93B3-44C6-AF28-146C1E6E238F}.Release|Any CPU.ActiveCfg = Release|Any CPU
		{963E122D-93B3-44C6-AF28-146C1E6E238F}.Release|Any CPU.Build.0 = Release|Any CPU
		{B1B38F7E-871B-4BA1-8B2F-B7C20C442063}.Debug|Any CPU.ActiveCfg = Debug|Any CPU
		{B1B38F7E-871B-4BA1-8B2F-B7C20C442063}.Debug|Any CPU.Build.0 = Debug|Any CPU
		{B1B38F7E-871B-4BA1-8B2F-B7C20C442063}.Release|Any CPU.ActiveCfg = Release|Any CPU
		{B1B38F7E-871B-4BA1-8B2F-B7C20C442063}.Release|Any CPU.Build.0 = Release|Any CPU
		{C43C9D68-DD71-4CAF-A75C-FB52AFB67A63}.Debug|Any CPU.ActiveCfg = Debug|Any CPU
		{C43C9D68-DD71-4CAF-A75C-FB52AFB67A63}.Debug|Any CPU.Build.0 = Debug|Any CPU
		{C43C9D68-DD71-4CAF-A75C-FB52AFB67A63}.Release|Any CPU.ActiveCfg = Release|Any CPU
		{C43C9D68-DD71-4CAF-A75C-FB52AFB67A63}.Release|Any CPU.Build.0 = Release|Any CPU
	EndGlobalSection
EndGlobal
