
Microsoft Visual Studio Solution File, Format Version 12.00
# Visual Studio Version 16
VisualStudioVersion = 16.0.31829.152
MinimumVisualStudioVersion = 10.0.40219.1
Project("{6EC3EE1D-3C4E-46DD-8F32-0CC8E7565705}") = "TwoDEngine3", "TwoDEngine3\TwoDEngine3.fsproj", "{8FE15F01-3F8C-42FC-9EF1-A99AB3C64C9E}"
EndProject
Project("{6EC3EE1D-3C4E-46DD-8F32-0CC8E7565705}") = "TDE3ManagerInterfaces", "TDE3ManagerInterfaces\TDE3ManagerInterfaces.fsproj", "{BFC068FF-29D0-4581-B802-5AFBB481D5DA}"
EndProject
Project("{6EC3EE1D-3C4E-46DD-8F32-0CC8E7565705}") = "AngelCodeTextRenderer", "AngelCodeTextRenderer\AngelCodeTextRenderer.fsproj", "{B1B38F7E-871B-4BA1-8B2F-B7C20C442063}"
EndProject
Project("{F2A71F9B-5D33-465A-A702-920D77279786}") = "InputManagerWinRawInput", "InputManagerWinRawInput\InputManagerWinRawInput.fsproj", "{4DD50194-489C-46C7-8E54-65CA0DDC62E8}"
EndProject
Project("{F2A71F9B-5D33-465A-A702-920D77279786}") = "GraphicsManagerGLFW", "GraphicsManagerGLFW\GraphicsManagerGLFW.fsproj", "{A488CF96-A28E-42FD-8C1D-C2FB84B7DA2F}"
EndProject
Project("{F2A71F9B-5D33-465A-A702-920D77279786}") = "FSTree", "FSTree\FSTree.fsproj", "{E926063C-D075-46C8-8719-C079C5A898E3}"
EndProject
Global
	GlobalSection(SolutionConfigurationPlatforms) = preSolution
		Debug|Any CPU = Debug|Any CPU
		Release|Any CPU = Release|Any CPU
		DebugWindows|Any CPU = DebugWindows|Any CPU
	EndGlobalSection
	GlobalSection(ProjectConfigurationPlatforms) = postSolution
		{8FE15F01-3F8C-42FC-9EF1-A99AB3C64C9E}.Debug|Any CPU.ActiveCfg = Debug|Any CPU
		{8FE15F01-3F8C-42FC-9EF1-A99AB3C64C9E}.Debug|Any CPU.Build.0 = Debug|Any CPU
		{8FE15F01-3F8C-42FC-9EF1-A99AB3C64C9E}.Release|Any CPU.ActiveCfg = Release|Any CPU
		{8FE15F01-3F8C-42FC-9EF1-A99AB3C64C9E}.Release|Any CPU.Build.0 = Release|Any CPU
		{8FE15F01-3F8C-42FC-9EF1-A99AB3C64C9E}.DebugWindows|Any CPU.ActiveCfg = DebugWindows|Any CPU
		{8FE15F01-3F8C-42FC-9EF1-A99AB3C64C9E}.DebugWindows|Any CPU.Build.0 = DebugWindows|Any CPU
		{BFC068FF-29D0-4581-B802-5AFBB481D5DA}.Debug|Any CPU.ActiveCfg = Debug|Any CPU
		{BFC068FF-29D0-4581-B802-5AFBB481D5DA}.Debug|Any CPU.Build.0 = Debug|Any CPU
		{BFC068FF-29D0-4581-B802-5AFBB481D5DA}.Release|Any CPU.ActiveCfg = Release|Any CPU
		{BFC068FF-29D0-4581-B802-5AFBB481D5DA}.Release|Any CPU.Build.0 = Release|Any CPU
		{BFC068FF-29D0-4581-B802-5AFBB481D5DA}.DebugWindows|Any CPU.ActiveCfg = DebugWindows|Any CPU
		{BFC068FF-29D0-4581-B802-5AFBB481D5DA}.DebugWindows|Any CPU.Build.0 = DebugWindows|Any CPU
		{B1B38F7E-871B-4BA1-8B2F-B7C20C442063}.Debug|Any CPU.ActiveCfg = Debug|Any CPU
		{B1B38F7E-871B-4BA1-8B2F-B7C20C442063}.Debug|Any CPU.Build.0 = Debug|Any CPU
		{B1B38F7E-871B-4BA1-8B2F-B7C20C442063}.Release|Any CPU.ActiveCfg = Release|Any CPU
		{B1B38F7E-871B-4BA1-8B2F-B7C20C442063}.Release|Any CPU.Build.0 = Release|Any CPU
		{B1B38F7E-871B-4BA1-8B2F-B7C20C442063}.DebugWindows|Any CPU.ActiveCfg = DebugWindows|Any CPU
		{B1B38F7E-871B-4BA1-8B2F-B7C20C442063}.DebugWindows|Any CPU.Build.0 = DebugWindows|Any CPU
		{4DD50194-489C-46C7-8E54-65CA0DDC62E8}.Debug|Any CPU.ActiveCfg = Debug|Any CPU
		{4DD50194-489C-46C7-8E54-65CA0DDC62E8}.Debug|Any CPU.Build.0 = Debug|Any CPU
		{4DD50194-489C-46C7-8E54-65CA0DDC62E8}.Release|Any CPU.ActiveCfg = Release|Any CPU
		{4DD50194-489C-46C7-8E54-65CA0DDC62E8}.Release|Any CPU.Build.0 = Release|Any CPU
		{4DD50194-489C-46C7-8E54-65CA0DDC62E8}.DebugWindows|Any CPU.ActiveCfg = Debug|Any CPU
		{4DD50194-489C-46C7-8E54-65CA0DDC62E8}.DebugWindows|Any CPU.Build.0 = Debug|Any CPU
		{A488CF96-A28E-42FD-8C1D-C2FB84B7DA2F}.Debug|Any CPU.ActiveCfg = Debug|Any CPU
		{A488CF96-A28E-42FD-8C1D-C2FB84B7DA2F}.Debug|Any CPU.Build.0 = Debug|Any CPU
		{A488CF96-A28E-42FD-8C1D-C2FB84B7DA2F}.Release|Any CPU.ActiveCfg = Release|Any CPU
		{A488CF96-A28E-42FD-8C1D-C2FB84B7DA2F}.Release|Any CPU.Build.0 = Release|Any CPU
		{A488CF96-A28E-42FD-8C1D-C2FB84B7DA2F}.DebugWindows|Any CPU.ActiveCfg = DebugWindows|Any CPU
		{A488CF96-A28E-42FD-8C1D-C2FB84B7DA2F}.DebugWindows|Any CPU.Build.0 = DebugWindows|Any CPU
		{E926063C-D075-46C8-8719-C079C5A898E3}.Debug|Any CPU.ActiveCfg = Debug|Any CPU
		{E926063C-D075-46C8-8719-C079C5A898E3}.Debug|Any CPU.Build.0 = Debug|Any CPU
		{E926063C-D075-46C8-8719-C079C5A898E3}.Release|Any CPU.ActiveCfg = Release|Any CPU
		{E926063C-D075-46C8-8719-C079C5A898E3}.Release|Any CPU.Build.0 = Release|Any CPU
		{E926063C-D075-46C8-8719-C079C5A898E3}.DebugWindows|Any CPU.ActiveCfg = Debug|Any CPU
		{E926063C-D075-46C8-8719-C079C5A898E3}.DebugWindows|Any CPU.Build.0 = Debug|Any CPU
	EndGlobalSection
	GlobalSection(SolutionProperties) = preSolution
		HideSolutionNode = FALSE
	EndGlobalSection
	GlobalSection(ExtensibilityGlobals) = postSolution
		SolutionGuid = {D469A18B-B153-4B2E-A5D1-AA94BCA251BD}
	EndGlobalSection
EndGlobal
